
Microsoft Visual Studio Solution File, Format Version 12.00
# Visual Studio Version 16
VisualStudioVersion = 16.0.30406.217
MinimumVisualStudioVersion = 10.0.40219.1
Project("{FAE04EC0-301F-11D3-BF4B-00C04F79EFBC}") = "U3CSharpTest", "U3CSharpTest\U3CSharpTest.csproj", "{1D052A2B-2A4C-432B-A36A-6D402B246E54}"
EndProject
Project("{FAE04EC0-301F-11D3-BF4B-00C04F79EFBC}") = "U3", "U3\U3.csproj", "{57985C0E-3B94-4F6F-A791-AC74E3B393AA}"
EndProject
Global
	GlobalSection(SolutionConfigurationPlatforms) = preSolution
		Debug|Any CPU = Debug|Any CPU
		Release|Any CPU = Release|Any CPU
	EndGlobalSection
	GlobalSection(ProjectConfigurationPlatforms) = postSolution
		{1D052A2B-2A4C-432B-A36A-6D402B246E54}.Debug|Any CPU.ActiveCfg = Debug|Any CPU
		{1D052A2B-2A4C-432B-A36A-6D402B246E54}.Debug|Any CPU.Build.0 = Debug|Any CPU
		{1D052A2B-2A4C-432B-A36A-6D402B246E54}.Release|Any CPU.ActiveCfg = Release|Any CPU
		{1D052A2B-2A4C-432B-A36A-6D402B246E54}.Release|Any CPU.Build.0 = Release|Any CPU
		{57985C0E-3B94-4F6F-A791-AC74E3B393AA}.Debug|Any CPU.ActiveCfg = Debug|Any CPU
		{57985C0E-3B94-4F6F-A791-AC74E3B393AA}.Debug|Any CPU.Build.0 = Debug|Any CPU
		{57985C0E-3B94-4F6F-A791-AC74E3B393AA}.Release|Any CPU.ActiveCfg = Release|Any CPU
		{57985C0E-3B94-4F6F-A791-AC74E3B393AA}.Release|Any CPU.Build.0 = Release|Any CPU
	EndGlobalSection
	GlobalSection(SolutionProperties) = preSolution
		HideSolutionNode = FALSE
	EndGlobalSection
	GlobalSection(ExtensibilityGlobals) = postSolution
		SolutionGuid = {4A3F2BC3-216C-41AB-A4ED-54BC2F28285D}
	EndGlobalSection
EndGlobal
